
Microsoft Visual Studio Solution File, Format Version 12.00
# Visual Studio Version 17
VisualStudioVersion = 17.6.33829.357
MinimumVisualStudioVersion = 10.0.40219.1
Project("{FAE04EC0-301F-11D3-BF4B-00C04F79EFBC}") = "ABMInquilinos.app", "ABMInquilinos.app\ABMInquilinos.app.csproj", "{B64F2A08-F8FC-442B-B60A-09332963B864}"
EndProject
Global
	GlobalSection(SolutionConfigurationPlatforms) = preSolution
		Debug|Any CPU = Debug|Any CPU
		Release|Any CPU = Release|Any CPU
	EndGlobalSection
	GlobalSection(ProjectConfigurationPlatforms) = postSolution
		{B64F2A08-F8FC-442B-B60A-09332963B864}.Debug|Any CPU.ActiveCfg = Debug|Any CPU
		{B64F2A08-F8FC-442B-B60A-09332963B864}.Debug|Any CPU.Build.0 = Debug|Any CPU
		{B64F2A08-F8FC-442B-B60A-09332963B864}.Release|Any CPU.ActiveCfg = Release|Any CPU
		{B64F2A08-F8FC-442B-B60A-09332963B864}.Release|Any CPU.Build.0 = Release|Any CPU
	EndGlobalSection
	GlobalSection(SolutionProperties) = preSolution
		HideSolutionNode = FALSE
	EndGlobalSection
	GlobalSection(ExtensibilityGlobals) = postSolution
		SolutionGuid = {87A89A44-50B7-497C-BF7F-F452AACDD3B7}
	EndGlobalSection
EndGlobal
